Microsoft Visual Studio Solution File, Format Version 12.00
# Visual Studio Version 17
VisualStudioVersion = 17.0.31903.59
MinimumVisualStudioVersion = 10.0.40219.1
Project("{FAE04EC0-301F-11D3-BF4B-00C04F79EFBC}") = "ChzzkOfTheLamb.Protocol", "src\ChzzkOfTheLamb.Protocol\ChzzkOfTheLamb.Protocol.csproj", "{A1D5A3F4-9301-4E88-A6F2-B17AB7A5D001}"
EndProject
Project("{FAE04EC0-301F-11D3-BF4B-00C04F79EFBC}") = "ChzzkOfTheLamb.Companion", "src\ChzzkOfTheLamb.Companion\ChzzkOfTheLamb.Companion.csproj", "{A1D5A3F4-9301-4E88-A6F2-B17AB7A5D002}"
EndProject
Project("{FAE04EC0-301F-11D3-BF4B-00C04F79EFBC}") = "ChzzkOfTheLamb.Mod", "src\ChzzkOfTheLamb.Mod\ChzzkOfTheLamb.Mod.csproj", "{A1D5A3F4-9301-4E88-A6F2-B17AB7A5D003}"
EndProject
Project("{FAE04EC0-301F-11D3-BF4B-00C04F79EFBC}") = "ChzzkOfTheLamb.Installer", "src\ChzzkOfTheLamb.Installer\ChzzkOfTheLamb.Installer.csproj", "{A1D5A3F4-9301-4E88-A6F2-B17AB7A5D004}"
EndProject
Global
    GlobalSection(SolutionConfigurationPlatforms) = preSolution
        Debug|Any CPU = Debug|Any CPU
        Release|Any CPU = Release|Any CPU
    EndGlobalSection
    GlobalSection(ProjectConfigurationPlatforms) = postSolution
        {A1D5A3F4-9301-4E88-A6F2-B17AB7A5D001}.Debug|Any CPU.ActiveCfg = Debug|Any CPU
        {A1D5A3F4-9301-4E88-A6F2-B17AB7A5D001}.Debug|Any CPU.Build.0 = Debug|Any CPU
        {A1D5A3F4-9301-4E88-A6F2-B17AB7A5D001}.Release|Any CPU.ActiveCfg = Release|Any CPU
        {A1D5A3F4-9301-4E88-A6F2-B17AB7A5D001}.Release|Any CPU.Build.0 = Release|Any CPU
        {A1D5A3F4-9301-4E88-A6F2-B17AB7A5D002}.Debug|Any CPU.ActiveCfg = Debug|Any CPU
        {A1D5A3F4-9301-4E88-A6F2-B17AB7A5D002}.Debug|Any CPU.Build.0 = Debug|Any CPU
        {A1D5A3F4-9301-4E88-A6F2-B17AB7A5D002}.Release|Any CPU.ActiveCfg = Release|Any CPU
        {A1D5A3F4-9301-4E88-A6F2-B17AB7A5D002}.Release|Any CPU.Build.0 = Release|Any CPU
        {A1D5A3F4-9301-4E88-A6F2-B17AB7A5D003}.Debug|Any CPU.ActiveCfg = Debug|Any CPU
        {A1D5A3F4-9301-4E88-A6F2-B17AB7A5D003}.Debug|Any CPU.Build.0 = Debug|Any CPU
        {A1D5A3F4-9301-4E88-A6F2-B17AB7A5D003}.Release|Any CPU.ActiveCfg = Release|Any CPU
        {A1D5A3F4-9301-4E88-A6F2-B17AB7A5D003}.Release|Any CPU.Build.0 = Release|Any CPU
        {A1D5A3F4-9301-4E88-A6F2-B17AB7A5D004}.Debug|Any CPU.ActiveCfg = Debug|Any CPU
        {A1D5A3F4-9301-4E88-A6F2-B17AB7A5D004}.Debug|Any CPU.Build.0 = Debug|Any CPU
        {A1D5A3F4-9301-4E88-A6F2-B17AB7A5D004}.Release|Any CPU.ActiveCfg = Release|Any CPU
        {A1D5A3F4-9301-4E88-A6F2-B17AB7A5D004}.Release|Any CPU.Build.0 = Release|Any CPU
    EndGlobalSection
EndGlobal
